// !$*UTF8*$!
{
	archiveVersion = 1;
	classes = {
	};
	objectVersion = 46;
	objects = {

/* Begin PBXBuildFile section */
		00E356F31AD99517003FC87E /* MednefitsMobileTests.m in Sources */ = {isa = PBXBuildFile; fileRef = 00E356F21AD99517003FC87E /* MednefitsMobileTests.m */; };
		01D2DA42EAFE47EA8ECC0663 /* HelveticaNeue-Light.otf in Resources */ = {isa = PBXBuildFile; fileRef = BDD6FE708A8E44CFAAAB2C07 /* HelveticaNeue-Light.otf */; };
		071F9079221EE4F800B96431 /* Default-568h@2x.png in Resources */ = {isa = PBXBuildFile; fileRef = 071F9078221EE4F800B96431 /* Default-568h@2x.png */; };
		075A32442220F56A00D2D8A0 /* LaunchScreen.xib in Resources */ = {isa = PBXBuildFile; fileRef = 075A32422220F56A00D2D8A0 /* LaunchScreen.xib */; };
		07CE93D7221BD9A900EF98C3 /* HelveticaNeue-Roman.otf in Resources */ = {isa = PBXBuildFile; fileRef = 07CE93BE221BD9A900EF98C3 /* HelveticaNeue-Roman.otf */; };
		07CE93D8221BD9A900EF98C3 /* Helvetica.otf in Resources */ = {isa = PBXBuildFile; fileRef = 07CE93BF221BD9A900EF98C3 /* Helvetica.otf */; };
		07CE93DB221BD9A900EF98C3 /* Roboto_medium.ttf in Resources */ = {isa = PBXBuildFile; fileRef = 07CE93C2221BD9A900EF98C3 /* Roboto_medium.ttf */; };
		07CE93DD221BD9A900EF98C3 /* HelveticaNeue-Medium.otf in Resources */ = {isa = PBXBuildFile; fileRef = 07CE93C4221BD9A900EF98C3 /* HelveticaNeue-Medium.otf */; };
		07CE93E1221BD9A900EF98C3 /* rubicon-icon-font.ttf in Resources */ = {isa = PBXBuildFile; fileRef = 07CE93C8221BD9A900EF98C3 /* rubicon-icon-font.ttf */; };
		07CE93E3221BD9A900EF98C3 /* HelveticaNeue.ttf in Resources */ = {isa = PBXBuildFile; fileRef = 07CE93CA221BD9A900EF98C3 /* HelveticaNeue.ttf */; };
		07CE93E5221BD9AA00EF98C3 /* Roboto.ttf in Resources */ = {isa = PBXBuildFile; fileRef = 07CE93CC221BD9A900EF98C3 /* Roboto.ttf */; };
		07CE93E6221BD9AA00EF98C3 /* HelveticaNeue-Bold.otf in Resources */ = {isa = PBXBuildFile; fileRef = 07CE93CD221BD9A900EF98C3 /* HelveticaNeue-Bold.otf */; };
		07CE93E7221BD9AA00EF98C3 /* HelveticaNeueLT-UltraLigExtObl.otf in Resources */ = {isa = PBXBuildFile; fileRef = 07CE93CE221BD9A900EF98C3 /* HelveticaNeueLT-UltraLigExtObl.otf */; };
		07CE93E9221BD9AA00EF98C3 /* HelveticaNeue-Regular.ttf in Resources */ = {isa = PBXBuildFile; fileRef = 07CE93D0221BD9A900EF98C3 /* HelveticaNeue-Regular.ttf */; };
		07CE93EA221BD9AA00EF98C3 /* HelveticaNeue-Light.otf in Resources */ = {isa = PBXBuildFile; fileRef = 07CE93D1221BD9A900EF98C3 /* HelveticaNeue-Light.otf */; };
		07CE93EB221BD9AA00EF98C3 /* HelveticaNeue-Thin.otf in Resources */ = {isa = PBXBuildFile; fileRef = 07CE93D2221BD9A900EF98C3 /* HelveticaNeue-Thin.otf */; };
		07CE93ED221BD9AA00EF98C3 /* HelveticaNeue-Regular.otf in Resources */ = {isa = PBXBuildFile; fileRef = 07CE93D4221BD9A900EF98C3 /* HelveticaNeue-Regular.otf */; };
		07CE93EE221BD9AA00EF98C3 /* HelveticaNeueLTStd-Lt.otf in Resources */ = {isa = PBXBuildFile; fileRef = 07CE93D5221BD9A900EF98C3 /* HelveticaNeueLTStd-Lt.otf */; };
		08406C3E72D4448C86A17664 /* HelveticaNeueLT-UltraLigExtObl.otf in Resources */ = {isa = PBXBuildFile; fileRef = 0F5F0310E16441EE94793CB7 /* HelveticaNeueLT-UltraLigExtObl.otf */; };
		11EAD76E15914F0D81D8F739 /* HelveticaNeue-Regular.ttf in Resources */ = {isa = PBXBuildFile; fileRef = D2A1BD9397BF4F14B9CCD163 /* HelveticaNeue-Regular.ttf */; };
		13B07FBC1A68108700A75B9A /* AppDelegate.m in Sources */ = {isa = PBXBuildFile; fileRef = 13B07FB01A68108700A75B9A /* AppDelegate.m */; };
		13B07FBF1A68108700A75B9A /* Images.xcassets in Resources */ = {isa = PBXBuildFile; fileRef = 13B07FB51A68108700A75B9A /* Images.xcassets */; };
		13B07FC11A68108700A75B9A /* main.m in Sources */ = {isa = PBXBuildFile; fileRef = 13B07FB71A68108700A75B9A /* main.m */; };
		2D02E4BC1E0B4A80006451C7 /* AppDelegate.m in Sources */ = {isa = PBXBuildFile; fileRef = 13B07FB01A68108700A75B9A /* AppDelegate.m */; };
		2D02E4BD1E0B4A84006451C7 /* Images.xcassets in Resources */ = {isa = PBXBuildFile; fileRef = 13B07FB51A68108700A75B9A /* Images.xcassets */; };
		2D02E4BF1E0B4AB3006451C7 /* main.m in Sources */ = {isa = PBXBuildFile; fileRef = 13B07FB71A68108700A75B9A /* main.m */; };
		2D16E6881FA4F8E400B85C8A /* libReact.a in Frameworks */ = {isa = PBXBuildFile; fileRef = 2D16E6891FA4F8E400B85C8A /* libReact.a */; };
		2DCD954D1E0B4F2C00145EB5 /* MednefitsMobileTests.m in Sources */ = {isa = PBXBuildFile; fileRef = 00E356F21AD99517003FC87E /* MednefitsMobileTests.m */; };
		3772FF0876F14D64ABEF4BF2 /* HelveticaNeue-Thin.otf in Resources */ = {isa = PBXBuildFile; fileRef = E30CF1E2080E4378ACE0350C /* HelveticaNeue-Thin.otf */; };
		4A792FB965B1654083FA77D8 /* libPods-MednefitsMobile.a in Frameworks */ = {isa = PBXBuildFile; fileRef = 11C9AD2154673B6A5BA02FCD /* libPods-MednefitsMobile.a */; };
		560FC016BFF441C8B7F1EC19 /* rubicon-icon-font.ttf in Resources */ = {isa = PBXBuildFile; fileRef = CD1D4CFDDC9248AF930877EE /* rubicon-icon-font.ttf */; };
		58A94EDE968947709E2B177D /* Roboto_medium.ttf in Resources */ = {isa = PBXBuildFile; fileRef = 08200272013445B1A458A199 /* Roboto_medium.ttf */; };
		69572E2A0C3F473DB2C38EFD /* HelveticaNeue-Bold.otf in Resources */ = {isa = PBXBuildFile; fileRef = 935C8EA0DC0A411B8670C4CE /* HelveticaNeue-Bold.otf */; };
		6E10FB72C0F748C48AFF7DDC /* HelveticaNeue-Regular.otf in Resources */ = {isa = PBXBuildFile; fileRef = 40245AB059574F839BA7AE1E /* HelveticaNeue-Regular.otf */; };
		7F422A3251C34E398C67155A /* Helvetica.otf in Resources */ = {isa = PBXBuildFile; fileRef = 2E2471B8F59949929E2E5D51 /* Helvetica.otf */; };
		A74AA5F62A324546B0308539 /* HelveticaNeue-Medium.otf in Resources */ = {isa = PBXBuildFile; fileRef = 397A57D594824CEA80FD167D /* HelveticaNeue-Medium.otf */; };
		A8E31CB5898B421B8959029D /* Roboto.ttf in Resources */ = {isa = PBXBuildFile; fileRef = 9E393862AD2046889C0A0EC0 /* Roboto.ttf */; };
		B61570B9FB426FCCD5F471EC /* libPods-MednefitsMobile-tvOS.a in Frameworks */ = {isa = PBXBuildFile; fileRef = 23B496336A4BDEBEB7DF8E58 /* libPods-MednefitsMobile-tvOS.a */; };
		C51BD6443BC24E5BA9E64ADA /* HelveticaNeue-Roman.otf in Resources */ = {isa = PBXBuildFile; fileRef = B23AFBC741CE42C6A8373F8B /* HelveticaNeue-Roman.otf */; };
		D1A0AB89AB1C4C98B4F946ED /* HelveticaNeue.ttf in Resources */ = {isa = PBXBuildFile; fileRef = D72051192BD2485088131FED /* HelveticaNeue.ttf */; };
		EDF94CD710E313F819AD61B0 /* libPods-MednefitsMobileTests.a in Frameworks */ = {isa = PBXBuildFile; fileRef = 34A4FE17DE790F9D9A295AE2 /* libPods-MednefitsMobileTests.a */; };
		F47B27542E9D4B928E989967 /* HelveticaNeueLTStd-Lt.otf in Resources */ = {isa = PBXBuildFile; fileRef = E59281FC222A47988C01ACE9 /* HelveticaNeueLTStd-Lt.otf */; };
		F609E534D9F4A45A04BE6AB3 /* libPods-MednefitsMobile-tvOSTests.a in Frameworks */ = {isa = PBXBuildFile; fileRef = 14BE82EA4A1530D499E9435D /* libPods-MednefitsMobile-tvOSTests.a */; };
/* End PBXBuildFile section */

/* Begin PBXContainerItemProxy section */
		00E356F41AD99517003FC87E /* PBXContainerItemProxy */ = {
			isa = PBXContainerItemProxy;
			containerPortal = 83CBB9F71A601CBA00E9B192 /* Project object */;
			proxyType = 1;
			remoteGlobalIDString = 13B07F861A680F5B00A75B9A;
			remoteInfo = MednefitsMobile;
		};
		2D02E4911E0B4A5D006451C7 /* PBXContainerItemProxy */ = {
			isa = PBXContainerItemProxy;
			containerPortal = 83CBB9F71A601CBA00E9B192 /* Project object */;
			proxyType = 1;
			remoteGlobalIDString = 2D02E47A1E0B4A5D006451C7;
			remoteInfo = "MednefitsMobile-tvOS";
		};
/* End PBXContainerItemProxy section */

/* Begin PBXFileReference section */
		008F07F21AC5B25A0029DE68 /* main.jsbundle */ = {isa = PBXFileReference; fileEncoding = 4; lastKnownFileType = text; path = main.jsbundle; sourceTree = "<group>"; };
		00E356EE1AD99517003FC87E /* MednefitsMobileTests.xctest */ = {isa = PBXFileReference; explicitFileType = wrapper.cfbundle; includeInIndex = 0; path = MednefitsMobileTests.xctest; sourceTree = BUILT_PRODUCTS_DIR; };
		00E356F11AD99517003FC87E /* Info.plist */ = {isa = PBXFileReference; lastKnownFileType = text.plist.xml; path = Info.plist; sourceTree = "<group>"; };
		00E356F21AD99517003FC87E /* MednefitsMobileTests.m */ = {isa = PBXFileReference; lastKnownFileType = sourcecode.c.objc; path = MednefitsMobileTests.m; sourceTree = "<group>"; };
		070A04552220CF5B0065B0A4 /* Singapore.gpx */ = {isa = PBXFileReference; lastKnownFileType = text.xml; path = Singapore.gpx; sourceTree = "<group>"; };
		071F9078221EE4F800B96431 /* Default-568h@2x.png */ = {isa = PBXFileReference; lastKnownFileType = image.png; path = "Default-568h@2x.png"; sourceTree = "<group>"; };
		075412252218155800455254 /* Philippines.gpx */ = {isa = PBXFileReference; lastKnownFileType = text.xml; path = Philippines.gpx; sourceTree = "<group>"; };
		075A32432220F56A00D2D8A0 /* Base */ = {isa = PBXFileReference; lastKnownFileType = file.xib; name = Base; path = MednefitsMobile/Base.lproj/LaunchScreen.xib; sourceTree = "<group>"; };
		07CE93BE221BD9A900EF98C3 /* HelveticaNeue-Roman.otf */ = {isa = PBXFileReference; lastKnownFileType = file; path = "HelveticaNeue-Roman.otf"; sourceTree = "<group>"; };
		07CE93BF221BD9A900EF98C3 /* Helvetica.otf */ = {isa = PBXFileReference; lastKnownFileType = file; path = Helvetica.otf; sourceTree = "<group>"; };
		07CE93C2221BD9A900EF98C3 /* Roboto_medium.ttf */ = {isa = PBXFileReference; lastKnownFileType = file; path = Roboto_medium.ttf; sourceTree = "<group>"; };
		07CE93C4221BD9A900EF98C3 /* HelveticaNeue-Medium.otf */ = {isa = PBXFileReference; lastKnownFileType = file; path = "HelveticaNeue-Medium.otf"; sourceTree = "<group>"; };
		07CE93C8221BD9A900EF98C3 /* rubicon-icon-font.ttf */ = {isa = PBXFileReference; lastKnownFileType = file; path = "rubicon-icon-font.ttf"; sourceTree = "<group>"; };
		07CE93C9221BD9A900EF98C3 /* FontAwesome.ttf */ = {isa = PBXFileReference; lastKnownFileType = file; path = FontAwesome.ttf; sourceTree = "<group>"; };
		07CE93CA221BD9A900EF98C3 /* HelveticaNeue.ttf */ = {isa = PBXFileReference; lastKnownFileType = file; path = HelveticaNeue.ttf; sourceTree = "<group>"; };
		07CE93CC221BD9A900EF98C3 /* Roboto.ttf */ = {isa = PBXFileReference; lastKnownFileType = file; path = Roboto.ttf; sourceTree = "<group>"; };
		07CE93CD221BD9A900EF98C3 /* HelveticaNeue-Bold.otf */ = {isa = PBXFileReference; lastKnownFileType = file; path = "HelveticaNeue-Bold.otf"; sourceTree = "<group>"; };
		07CE93CE221BD9A900EF98C3 /* HelveticaNeueLT-UltraLigExtObl.otf */ = {isa = PBXFileReference; lastKnownFileType = file; path = "HelveticaNeueLT-UltraLigExtObl.otf"; sourceTree = "<group>"; };
		07CE93D0221BD9A900EF98C3 /* HelveticaNeue-Regular.ttf */ = {isa = PBXFileReference; lastKnownFileType = file; path = "HelveticaNeue-Regular.ttf"; sourceTree = "<group>"; };
		07CE93D1221BD9A900EF98C3 /* HelveticaNeue-Light.otf */ = {isa = PBXFileReference; lastKnownFileType = file; path = "HelveticaNeue-Light.otf"; sourceTree = "<group>"; };
		07CE93D2221BD9A900EF98C3 /* HelveticaNeue-Thin.otf */ = {isa = PBXFileReference; lastKnownFileType = file; path = "HelveticaNeue-Thin.otf"; sourceTree = "<group>"; };
		07CE93D4221BD9A900EF98C3 /* HelveticaNeue-Regular.otf */ = {isa = PBXFileReference; lastKnownFileType = file; path = "HelveticaNeue-Regular.otf"; sourceTree = "<group>"; };
		07CE93D5221BD9A900EF98C3 /* HelveticaNeueLTStd-Lt.otf */ = {isa = PBXFileReference; lastKnownFileType = file; path = "HelveticaNeueLTStd-Lt.otf"; sourceTree = "<group>"; };
		08200272013445B1A458A199 /* Roboto_medium.ttf */ = {isa = PBXFileReference; explicitFileType = undefined; fileEncoding = 9; includeInIndex = 0; lastKnownFileType = unknown; name = Roboto_medium.ttf; path = ../assets/fonts/Roboto_medium.ttf; sourceTree = "<group>"; };
		0F5F0310E16441EE94793CB7 /* HelveticaNeueLT-UltraLigExtObl.otf */ = {isa = PBXFileReference; explicitFileType = undefined; fileEncoding = 9; includeInIndex = 0; lastKnownFileType = unknown; name = "HelveticaNeueLT-UltraLigExtObl.otf"; path = "../assets/fonts/HelveticaNeueLT-UltraLigExtObl.otf"; sourceTree = "<group>"; };
		11C9AD2154673B6A5BA02FCD /* libPods-MednefitsMobile.a */ = {isa = PBXFileReference; explicitFileType = archive.ar; includeInIndex = 0; path = "libPods-MednefitsMobile.a"; sourceTree = BUILT_PRODUCTS_DIR; };
		13B07F961A680F5B00A75B9A /* MednefitsMobile.app */ = {isa = PBXFileReference; explicitFileType = wrapper.application; includeInIndex = 0; path = MednefitsMobile.app; sourceTree = BUILT_PRODUCTS_DIR; };
		13B07FAF1A68108700A75B9A /* AppDelegate.h */ = {isa = PBXFileReference; fileEncoding = 4; lastKnownFileType = sourcecode.c.h; name = AppDelegate.h; path = MednefitsMobile/AppDelegate.h; sourceTree = "<group>"; };
		13B07FB01A68108700A75B9A /* AppDelegate.m */ = {isa = PBXFileReference; fileEncoding = 4; lastKnownFileType = sourcecode.c.objc; name = AppDelegate.m; path = MednefitsMobile/AppDelegate.m; sourceTree = "<group>"; };
		13B07FB51A68108700A75B9A /* Images.xcassets */ = {isa = PBXFileReference; lastKnownFileType = folder.assetcatalog; name = Images.xcassets; path = MednefitsMobile/Images.xcassets; sourceTree = "<group>"; };
		13B07FB61A68108700A75B9A /* Info.plist */ = {isa = PBXFileReference; fileEncoding = 4; lastKnownFileType = text.plist.xml; name = Info.plist; path = MednefitsMobile/Info.plist; sourceTree = "<group>"; };
		13B07FB71A68108700A75B9A /* main.m */ = {isa = PBXFileReference; fileEncoding = 4; lastKnownFileType = sourcecode.c.objc; name = main.m; path = MednefitsMobile/main.m; sourceTree = "<group>"; };
		14BE82EA4A1530D499E9435D /* libPods-MednefitsMobile-tvOSTests.a */ = {isa = PBXFileReference; explicitFileType = archive.ar; includeInIndex = 0; path = "libPods-MednefitsMobile-tvOSTests.a"; sourceTree = BUILT_PRODUCTS_DIR; };
		20392E7A9B03CC03D2430FD7 /* Pods-MednefitsMobile-tvOS.debug.xcconfig */ = {isa = PBXFileReference; includeInIndex = 1; lastKnownFileType = text.xcconfig; name = "Pods-MednefitsMobile-tvOS.debug.xcconfig"; path = "Target Support Files/Pods-MednefitsMobile-tvOS/Pods-MednefitsMobile-tvOS.debug.xcconfig"; sourceTree = "<group>"; };
		23B496336A4BDEBEB7DF8E58 /* libPods-MednefitsMobile-tvOS.a */ = {isa = PBXFileReference; explicitFileType = archive.ar; includeInIndex = 0; path = "libPods-MednefitsMobile-tvOS.a"; sourceTree = BUILT_PRODUCTS_DIR; };
		2D02E47B1E0B4A5D006451C7 /* MednefitsMobile-tvOS.app */ = {isa = PBXFileReference; explicitFileType = wrapper.application; includeInIndex = 0; path = "MednefitsMobile-tvOS.app"; sourceTree = BUILT_PRODUCTS_DIR; };
		2D02E4901E0B4A5D006451C7 /* MednefitsMobile-tvOSTests.xctest */ = {isa = PBXFileReference; explicitFileType = wrapper.cfbundle; includeInIndex = 0; path = "MednefitsMobile-tvOSTests.xctest"; sourceTree = BUILT_PRODUCTS_DIR; };
		2D16E6891FA4F8E400B85C8A /* libReact.a */ = {isa = PBXFileReference; explicitFileType = archive.ar; path = libReact.a; sourceTree = BUILT_PRODUCTS_DIR; };
		2E2471B8F59949929E2E5D51 /* Helvetica.otf */ = {isa = PBXFileReference; explicitFileType = undefined; fileEncoding = 9; includeInIndex = 0; lastKnownFileType = unknown; name = Helvetica.otf; path = ../assets/fonts/Helvetica.otf; sourceTree = "<group>"; };
		34A4FE17DE790F9D9A295AE2 /* libPods-MednefitsMobileTests.a */ = {isa = PBXFileReference; explicitFileType = archive.ar; includeInIndex = 0; path = "libPods-MednefitsMobileTests.a"; sourceTree = BUILT_PRODUCTS_DIR; };
		397A57D594824CEA80FD167D /* HelveticaNeue-Medium.otf */ = {isa = PBXFileReference; explicitFileType = undefined; fileEncoding = 9; includeInIndex = 0; lastKnownFileType = unknown; name = "HelveticaNeue-Medium.otf"; path = "../assets/fonts/HelveticaNeue-Medium.otf"; sourceTree = "<group>"; };
		40245AB059574F839BA7AE1E /* HelveticaNeue-Regular.otf */ = {isa = PBXFileReference; explicitFileType = undefined; fileEncoding = 9; includeInIndex = 0; lastKnownFileType = unknown; name = "HelveticaNeue-Regular.otf"; path = "../assets/fonts/HelveticaNeue-Regular.otf"; sourceTree = "<group>"; };
		5AEB01EC8CF58847C0865478 /* Pods-MednefitsMobileTests.debug.xcconfig */ = {isa = PBXFileReference; includeInIndex = 1; lastKnownFileType = text.xcconfig; name = "Pods-MednefitsMobileTests.debug.xcconfig"; path = "Target Support Files/Pods-MednefitsMobileTests/Pods-MednefitsMobileTests.debug.xcconfig"; sourceTree = "<group>"; };
		5DA169CD23823DA40083F4A6 /* MednefitsMobile.entitlements */ = {isa = PBXFileReference; lastKnownFileType = text.plist.entitlements; name = MednefitsMobile.entitlements; path = MednefitsMobile/MednefitsMobile.entitlements; sourceTree = "<group>"; };
		600CCB0A55422D05348B2363 /* Pods-MednefitsMobileTests.release.xcconfig */ = {isa = PBXFileReference; includeInIndex = 1; lastKnownFileType = text.xcconfig; name = "Pods-MednefitsMobileTests.release.xcconfig"; path = "Target Support Files/Pods-MednefitsMobileTests/Pods-MednefitsMobileTests.release.xcconfig"; sourceTree = "<group>"; };
		6E6B7A2A7A87EFDE499314E1 /* Pods-MednefitsMobile.debug.xcconfig */ = {isa = PBXFileReference; includeInIndex = 1; lastKnownFileType = text.xcconfig; name = "Pods-MednefitsMobile.debug.xcconfig"; path = "Target Support Files/Pods-MednefitsMobile/Pods-MednefitsMobile.debug.xcconfig"; sourceTree = "<group>"; };
		6F15599AC3E6CF25B32A1B3F /* Pods-MednefitsMobile.release.xcconfig */ = {isa = PBXFileReference; includeInIndex = 1; lastKnownFileType = text.xcconfig; name = "Pods-MednefitsMobile.release.xcconfig"; path = "Target Support Files/Pods-MednefitsMobile/Pods-MednefitsMobile.release.xcconfig"; sourceTree = "<group>"; };
		935C8EA0DC0A411B8670C4CE /* HelveticaNeue-Bold.otf */ = {isa = PBXFileReference; explicitFileType = undefined; fileEncoding = 9; includeInIndex = 0; lastKnownFileType = unknown; name = "HelveticaNeue-Bold.otf"; path = "../assets/fonts/HelveticaNeue-Bold.otf"; sourceTree = "<group>"; };
		9E393862AD2046889C0A0EC0 /* Roboto.ttf */ = {isa = PBXFileReference; explicitFileType = undefined; fileEncoding = 9; includeInIndex = 0; lastKnownFileType = unknown; name = Roboto.ttf; path = ../assets/fonts/Roboto.ttf; sourceTree = "<group>"; };
		A37F206E31368A5E6339FD1F /* Pods-MednefitsMobile-tvOS.release.xcconfig */ = {isa = PBXFileReference; includeInIndex = 1; lastKnownFileType = text.xcconfig; name = "Pods-MednefitsMobile-tvOS.release.xcconfig"; path = "Target Support Files/Pods-MednefitsMobile-tvOS/Pods-MednefitsMobile-tvOS.release.xcconfig"; sourceTree = "<group>"; };
		B23AFBC741CE42C6A8373F8B /* HelveticaNeue-Roman.otf */ = {isa = PBXFileReference; explicitFileType = undefined; fileEncoding = 9; includeInIndex = 0; lastKnownFileType = unknown; name = "HelveticaNeue-Roman.otf"; path = "../assets/fonts/HelveticaNeue-Roman.otf"; sourceTree = "<group>"; };
		B286026A31F106AE7E342251 /* Pods-MednefitsMobile-tvOSTests.debug.xcconfig */ = {isa = PBXFileReference; includeInIndex = 1; lastKnownFileType = text.xcconfig; name = "Pods-MednefitsMobile-tvOSTests.debug.xcconfig"; path = "Target Support Files/Pods-MednefitsMobile-tvOSTests/Pods-MednefitsMobile-tvOSTests.debug.xcconfig"; sourceTree = "<group>"; };
		BDD6FE708A8E44CFAAAB2C07 /* HelveticaNeue-Light.otf */ = {isa = PBXFileReference; explicitFileType = undefined; fileEncoding = 9; includeInIndex = 0; lastKnownFileType = unknown; name = "HelveticaNeue-Light.otf"; path = "../assets/fonts/HelveticaNeue-Light.otf"; sourceTree = "<group>"; };
		BE2BAC3AD85D9FCD6FC5EC9C /* Pods-MednefitsMobile-tvOSTests.release.xcconfig */ = {isa = PBXFileReference; includeInIndex = 1; lastKnownFileType = text.xcconfig; name = "Pods-MednefitsMobile-tvOSTests.release.xcconfig"; path = "Target Support Files/Pods-MednefitsMobile-tvOSTests/Pods-MednefitsMobile-tvOSTests.release.xcconfig"; sourceTree = "<group>"; };
		CD1D4CFDDC9248AF930877EE /* rubicon-icon-font.ttf */ = {isa = PBXFileReference; explicitFileType = undefined; fileEncoding = 9; includeInIndex = 0; lastKnownFileType = unknown; name = "rubicon-icon-font.ttf"; path = "../assets/fonts/rubicon-icon-font.ttf"; sourceTree = "<group>"; };
		D2A1BD9397BF4F14B9CCD163 /* HelveticaNeue-Regular.ttf */ = {isa = PBXFileReference; explicitFileType = undefined; fileEncoding = 9; includeInIndex = 0; lastKnownFileType = unknown; name = "HelveticaNeue-Regular.ttf"; path = "../assets/fonts/HelveticaNeue-Regular.ttf"; sourceTree = "<group>"; };
		D72051192BD2485088131FED /* HelveticaNeue.ttf */ = {isa = PBXFileReference; explicitFileType = undefined; fileEncoding = 9; includeInIndex = 0; lastKnownFileType = unknown; name = HelveticaNeue.ttf; path = ../assets/fonts/HelveticaNeue.ttf; sourceTree = "<group>"; };
		E30CF1E2080E4378ACE0350C /* HelveticaNeue-Thin.otf */ = {isa = PBXFileReference; explicitFileType = undefined; fileEncoding = 9; includeInIndex = 0; lastKnownFileType = unknown; name = "HelveticaNeue-Thin.otf"; path = "../assets/fonts/HelveticaNeue-Thin.otf"; sourceTree = "<group>"; };
		E59281FC222A47988C01ACE9 /* HelveticaNeueLTStd-Lt.otf */ = {isa = PBXFileReference; explicitFileType = undefined; fileEncoding = 9; includeInIndex = 0; lastKnownFileType = unknown; name = "HelveticaNeueLTStd-Lt.otf"; path = "../assets/fonts/HelveticaNeueLTStd-Lt.otf"; sourceTree = "<group>"; };
		FBDBE70FD6C04CE88CBA5ED5 /* libRNFS.a */ = {isa = PBXFileReference; explicitFileType = undefined; fileEncoding = 9; includeInIndex = 0; lastKnownFileType = archive.ar; path = libRNFS.a; sourceTree = "<group>"; };
/* End PBXFileReference section */

/* Begin PBXFrameworksBuildPhase section */
		00E356EB1AD99517003FC87E /* Frameworks */ = {
			isa = PBXFrameworksBuildPhase;
			buildActionMask = 2147483647;
			files = (
				EDF94CD710E313F819AD61B0 /* libPods-MednefitsMobileTests.a in Frameworks */,
			);
			runOnlyForDeploymentPostprocessing = 0;
		};
		13B07F8C1A680F5B00A75B9A /* Frameworks */ = {
			isa = PBXFrameworksBuildPhase;
			buildActionMask = 2147483647;
			files = (
				4A792FB965B1654083FA77D8 /* libPods-MednefitsMobile.a in Frameworks */,
			);
			runOnlyForDeploymentPostprocessing = 0;
		};
		2D02E4781E0B4A5D006451C7 /* Frameworks */ = {
			isa = PBXFrameworksBuildPhase;
			buildActionMask = 2147483647;
			files = (
				2D16E6881FA4F8E400B85C8A /* libReact.a in Frameworks */,
				B61570B9FB426FCCD5F471EC /* libPods-MednefitsMobile-tvOS.a in Frameworks */,
			);
			runOnlyForDeploymentPostprocessing = 0;
		};
		2D02E48D1E0B4A5D006451C7 /* Frameworks */ = {
			isa = PBXFrameworksBuildPhase;
			buildActionMask = 2147483647;
			files = (
				F609E534D9F4A45A04BE6AB3 /* libPods-MednefitsMobile-tvOSTests.a in Frameworks */,
			);
			runOnlyForDeploymentPostprocessing = 0;
		};
/* End PBXFrameworksBuildPhase section */

/* Begin PBXGroup section */
		00E356EF1AD99517003FC87E /* MednefitsMobileTests */ = {
			isa = PBXGroup;
			children = (
				00E356F21AD99517003FC87E /* MednefitsMobileTests.m */,
				00E356F01AD99517003FC87E /* Supporting Files */,
			);
			path = MednefitsMobileTests;
			sourceTree = "<group>";
		};
		00E356F01AD99517003FC87E /* Supporting Files */ = {
			isa = PBXGroup;
			children = (
				00E356F11AD99517003FC87E /* Info.plist */,
			);
			name = "Supporting Files";
			sourceTree = "<group>";
		};
		07CE93BD221BD9A900EF98C3 /* fonts */ = {
			isa = PBXGroup;
			children = (
				07CE93BE221BD9A900EF98C3 /* HelveticaNeue-Roman.otf */,
				07CE93BF221BD9A900EF98C3 /* Helvetica.otf */,
				07CE93C4221BD9A900EF98C3 /* HelveticaNeue-Medium.otf */,
				07CE93CA221BD9A900EF98C3 /* HelveticaNeue.ttf */,
				07CE93CD221BD9A900EF98C3 /* HelveticaNeue-Bold.otf */,
				07CE93CE221BD9A900EF98C3 /* HelveticaNeueLT-UltraLigExtObl.otf */,
				07CE93D0221BD9A900EF98C3 /* HelveticaNeue-Regular.ttf */,
				07CE93D1221BD9A900EF98C3 /* HelveticaNeue-Light.otf */,
				07CE93D2221BD9A900EF98C3 /* HelveticaNeue-Thin.otf */,
				07CE93D4221BD9A900EF98C3 /* HelveticaNeue-Regular.otf */,
				07CE93D5221BD9A900EF98C3 /* HelveticaNeueLTStd-Lt.otf */,
				07CE93C9221BD9A900EF98C3 /* FontAwesome.ttf */,
				07CE93CC221BD9A900EF98C3 /* Roboto.ttf */,
				07CE93C2221BD9A900EF98C3 /* Roboto_medium.ttf */,
				07CE93C8221BD9A900EF98C3 /* rubicon-icon-font.ttf */,
			);
			name = fonts;
			path = ../assets/fonts;
			sourceTree = "<group>";
		};
		07E0F03F22017D8600DAF82A /* Recovered References */ = {
			isa = PBXGroup;
			children = (
				FBDBE70FD6C04CE88CBA5ED5 /* libRNFS.a */,
			);
			name = "Recovered References";
			sourceTree = "<group>";
		};
		13B07FAE1A68108700A75B9A /* MednefitsMobile */ = {
			isa = PBXGroup;
			children = (
				5DA169CD23823DA40083F4A6 /* MednefitsMobile.entitlements */,
				075A32422220F56A00D2D8A0 /* LaunchScreen.xib */,
				008F07F21AC5B25A0029DE68 /* main.jsbundle */,
				13B07FAF1A68108700A75B9A /* AppDelegate.h */,
				13B07FB01A68108700A75B9A /* AppDelegate.m */,
				13B07FB51A68108700A75B9A /* Images.xcassets */,
				13B07FB61A68108700A75B9A /* Info.plist */,
				13B07FB71A68108700A75B9A /* main.m */,
			);
			name = MednefitsMobile;
			sourceTree = "<group>";
		};
		2D16E6871FA4F8E400B85C8A /* Frameworks */ = {
			isa = PBXGroup;
			children = (
				2D16E6891FA4F8E400B85C8A /* libReact.a */,
				11C9AD2154673B6A5BA02FCD /* libPods-MednefitsMobile.a */,
				14BE82EA4A1530D499E9435D /* libPods-MednefitsMobile-tvOSTests.a */,
				34A4FE17DE790F9D9A295AE2 /* libPods-MednefitsMobileTests.a */,
				23B496336A4BDEBEB7DF8E58 /* libPods-MednefitsMobile-tvOS.a */,
			);
			name = Frameworks;
			sourceTree = "<group>";
		};
		5340C3FEAEC136081FBC0020 /* Pods */ = {
			isa = PBXGroup;
			children = (
				6E6B7A2A7A87EFDE499314E1 /* Pods-MednefitsMobile.debug.xcconfig */,
				6F15599AC3E6CF25B32A1B3F /* Pods-MednefitsMobile.release.xcconfig */,
				B286026A31F106AE7E342251 /* Pods-MednefitsMobile-tvOSTests.debug.xcconfig */,
				BE2BAC3AD85D9FCD6FC5EC9C /* Pods-MednefitsMobile-tvOSTests.release.xcconfig */,
				5AEB01EC8CF58847C0865478 /* Pods-MednefitsMobileTests.debug.xcconfig */,
				600CCB0A55422D05348B2363 /* Pods-MednefitsMobileTests.release.xcconfig */,
				20392E7A9B03CC03D2430FD7 /* Pods-MednefitsMobile-tvOS.debug.xcconfig */,
				A37F206E31368A5E6339FD1F /* Pods-MednefitsMobile-tvOS.release.xcconfig */,
			);
			path = Pods;
			sourceTree = "<group>";
		};
		6260204B955445CCBF65C651 /* Resources */ = {
			isa = PBXGroup;
			children = (
				2E2471B8F59949929E2E5D51 /* Helvetica.otf */,
				935C8EA0DC0A411B8670C4CE /* HelveticaNeue-Bold.otf */,
				BDD6FE708A8E44CFAAAB2C07 /* HelveticaNeue-Light.otf */,
				397A57D594824CEA80FD167D /* HelveticaNeue-Medium.otf */,
				40245AB059574F839BA7AE1E /* HelveticaNeue-Regular.otf */,
				D2A1BD9397BF4F14B9CCD163 /* HelveticaNeue-Regular.ttf */,
				B23AFBC741CE42C6A8373F8B /* HelveticaNeue-Roman.otf */,
				E30CF1E2080E4378ACE0350C /* HelveticaNeue-Thin.otf */,
				D72051192BD2485088131FED /* HelveticaNeue.ttf */,
				0F5F0310E16441EE94793CB7 /* HelveticaNeueLT-UltraLigExtObl.otf */,
				E59281FC222A47988C01ACE9 /* HelveticaNeueLTStd-Lt.otf */,
				08200272013445B1A458A199 /* Roboto_medium.ttf */,
				9E393862AD2046889C0A0EC0 /* Roboto.ttf */,
				CD1D4CFDDC9248AF930877EE /* rubicon-icon-font.ttf */,
			);
			name = Resources;
			sourceTree = "<group>";
		};
		832341AE1AAA6A7D00B99B32 /* Libraries */ = {
			isa = PBXGroup;
			children = (
			);
			name = Libraries;
			sourceTree = "<group>";
		};
		83CBB9F61A601CBA00E9B192 = {
			isa = PBXGroup;
			children = (
				070A04552220CF5B0065B0A4 /* Singapore.gpx */,
				075412252218155800455254 /* Philippines.gpx */,
				071F9078221EE4F800B96431 /* Default-568h@2x.png */,
				07CE93BD221BD9A900EF98C3 /* fonts */,
				13B07FAE1A68108700A75B9A /* MednefitsMobile */,
				832341AE1AAA6A7D00B99B32 /* Libraries */,
				00E356EF1AD99517003FC87E /* MednefitsMobileTests */,
				83CBBA001A601CBA00E9B192 /* Products */,
				2D16E6871FA4F8E400B85C8A /* Frameworks */,
				6260204B955445CCBF65C651 /* Resources */,
				07E0F03F22017D8600DAF82A /* Recovered References */,
				5340C3FEAEC136081FBC0020 /* Pods */,
			);
			indentWidth = 2;
			sourceTree = "<group>";
			tabWidth = 2;
			usesTabs = 0;
		};
		83CBBA001A601CBA00E9B192 /* Products */ = {
			isa = PBXGroup;
			children = (
				13B07F961A680F5B00A75B9A /* MednefitsMobile.app */,
				00E356EE1AD99517003FC87E /* MednefitsMobileTests.xctest */,
				2D02E47B1E0B4A5D006451C7 /* MednefitsMobile-tvOS.app */,
				2D02E4901E0B4A5D006451C7 /* MednefitsMobile-tvOSTests.xctest */,
			);
			name = Products;
			sourceTree = "<group>";
		};
/* End PBXGroup section */

/* Begin PBXNativeTarget section */
		00E356ED1AD99517003FC87E /* MednefitsMobileTests */ = {
			isa = PBXNativeTarget;
			buildConfigurationList = 00E357021AD99517003FC87E /* Build configuration list for PBXNativeTarget "MednefitsMobileTests" */;
			buildPhases = (
				2819932FD2674951D32098CF /* [CP] Check Pods Manifest.lock */,
				00E356EA1AD99517003FC87E /* Sources */,
				00E356EB1AD99517003FC87E /* Frameworks */,
				00E356EC1AD99517003FC87E /* Resources */,
			);
			buildRules = (
			);
			dependencies = (
				00E356F51AD99517003FC87E /* PBXTargetDependency */,
			);
			name = MednefitsMobileTests;
			productName = MednefitsMobileTests;
			productReference = 00E356EE1AD99517003FC87E /* MednefitsMobileTests.xctest */;
			productType = "com.apple.product-type.bundle.unit-test";
		};
		13B07F861A680F5B00A75B9A /* MednefitsMobile */ = {
			isa = PBXNativeTarget;
			buildConfigurationList = 13B07F931A680F5B00A75B9A /* Build configuration list for PBXNativeTarget "MednefitsMobile" */;
			buildPhases = (
				FA2C7AFBE81819B0DED2F55E /* [CP] Check Pods Manifest.lock */,
				13B07F871A680F5B00A75B9A /* Sources */,
				13B07F8C1A680F5B00A75B9A /* Frameworks */,
				13B07F8E1A680F5B00A75B9A /* Resources */,
				00DD1BFF1BD5951E006B06BC /* Bundle React Native code and images */,
				F73E1A3EB9D76B41D49C3467 /* [CP] Copy Pods Resources */,
			);
			buildRules = (
			);
			dependencies = (
			);
			name = MednefitsMobile;
			productName = "Hello World";
			productReference = 13B07F961A680F5B00A75B9A /* MednefitsMobile.app */;
			productType = "com.apple.product-type.application";
		};
		2D02E47A1E0B4A5D006451C7 /* MednefitsMobile-tvOS */ = {
			isa = PBXNativeTarget;
			buildConfigurationList = 2D02E4BA1E0B4A5E006451C7 /* Build configuration list for PBXNativeTarget "MednefitsMobile-tvOS" */;
			buildPhases = (
				057BCDBDBE4AFBA011C9E66F /* [CP] Check Pods Manifest.lock */,
				2D02E4771E0B4A5D006451C7 /* Sources */,
				2D02E4781E0B4A5D006451C7 /* Frameworks */,
				2D02E4791E0B4A5D006451C7 /* Resources */,
				2D02E4CB1E0B4B27006451C7 /* Bundle React Native Code And Images */,
			);
			buildRules = (
			);
			dependencies = (
			);
			name = "MednefitsMobile-tvOS";
			productName = "MednefitsMobile-tvOS";
			productReference = 2D02E47B1E0B4A5D006451C7 /* MednefitsMobile-tvOS.app */;
			productType = "com.apple.product-type.application";
		};
		2D02E48F1E0B4A5D006451C7 /* MednefitsMobile-tvOSTests */ = {
			isa = PBXNativeTarget;
			buildConfigurationList = 2D02E4BB1E0B4A5E006451C7 /* Build configuration list for PBXNativeTarget "MednefitsMobile-tvOSTests" */;
			buildPhases = (
				BAC703464A254C116FE46535 /* [CP] Check Pods Manifest.lock */,
				2D02E48C1E0B4A5D006451C7 /* Sources */,
				2D02E48D1E0B4A5D006451C7 /* Frameworks */,
				2D02E48E1E0B4A5D006451C7 /* Resources */,
			);
			buildRules = (
			);
			dependencies = (
				2D02E4921E0B4A5D006451C7 /* PBXTargetDependency */,
			);
			name = "MednefitsMobile-tvOSTests";
			productName = "MednefitsMobile-tvOSTests";
			productReference = 2D02E4901E0B4A5D006451C7 /* MednefitsMobile-tvOSTests.xctest */;
			productType = "com.apple.product-type.bundle.unit-test";
		};
/* End PBXNativeTarget section */

/* Begin PBXProject section */
		83CBB9F71A601CBA00E9B192 /* Project object */ = {
			isa = PBXProject;
			attributes = {
				LastUpgradeCheck = 610;
				ORGANIZATIONNAME = Facebook;
				TargetAttributes = {
					00E356ED1AD99517003FC87E = {
						CreatedOnToolsVersion = 6.2;
						DevelopmentTeam = BB42S6H242;
						TestTargetID = 13B07F861A680F5B00A75B9A;
					};
					13B07F861A680F5B00A75B9A = {
						DevelopmentTeam = BB42S6H242;
						ProvisioningStyle = Automatic;
						SystemCapabilities = {
							com.apple.BackgroundModes = {
								enabled = 1;
							};
							com.apple.Push = {
								enabled = 1;
							};
							com.apple.SafariKeychain = {
								enabled = 0;
							};
						};
					};
					2D02E47A1E0B4A5D006451C7 = {
						CreatedOnToolsVersion = 8.2.1;
						DevelopmentTeam = BB42S6H242;
						ProvisioningStyle = Automatic;
					};
					2D02E48F1E0B4A5D006451C7 = {
						CreatedOnToolsVersion = 8.2.1;
						DevelopmentTeam = BB42S6H242;
						ProvisioningStyle = Automatic;
						TestTargetID = 2D02E47A1E0B4A5D006451C7;
					};
				};
			};
			buildConfigurationList = 83CBB9FA1A601CBA00E9B192 /* Build configuration list for PBXProject "MednefitsMobile" */;
			compatibilityVersion = "Xcode 3.2";
			developmentRegion = English;
			hasScannedForEncodings = 0;
			knownRegions = (
				English,
				en,
				Base,
			);
			mainGroup = 83CBB9F61A601CBA00E9B192;
			productRefGroup = 83CBBA001A601CBA00E9B192 /* Products */;
			projectDirPath = "";
			projectRoot = "";
			targets = (
				13B07F861A680F5B00A75B9A /* MednefitsMobile */,
				00E356ED1AD99517003FC87E /* MednefitsMobileTests */,
				2D02E47A1E0B4A5D006451C7 /* MednefitsMobile-tvOS */,
				2D02E48F1E0B4A5D006451C7 /* MednefitsMobile-tvOSTests */,
			);
		};
/* End PBXProject section */

/* Begin PBXResourcesBuildPhase section */
		00E356EC1AD99517003FC87E /* Resources */ = {
			isa = PBXResourcesBuildPhase;
			buildActionMask = 2147483647;
			files = (
			);
			runOnlyForDeploymentPostprocessing = 0;
		};
		13B07F8E1A680F5B00A75B9A /* Resources */ = {
			isa = PBXResourcesBuildPhase;
			buildActionMask = 2147483647;
			files = (
				13B07FBF1A68108700A75B9A /* Images.xcassets in Resources */,
				07CE93DB221BD9A900EF98C3 /* Roboto_medium.ttf in Resources */,
				07CE93E1221BD9A900EF98C3 /* rubicon-icon-font.ttf in Resources */,
				07CE93E5221BD9AA00EF98C3 /* Roboto.ttf in Resources */,
				07CE93D7221BD9A900EF98C3 /* HelveticaNeue-Roman.otf in Resources */,
				7F422A3251C34E398C67155A /* Helvetica.otf in Resources */,
				69572E2A0C3F473DB2C38EFD /* HelveticaNeue-Bold.otf in Resources */,
				01D2DA42EAFE47EA8ECC0663 /* HelveticaNeue-Light.otf in Resources */,
				A74AA5F62A324546B0308539 /* HelveticaNeue-Medium.otf in Resources */,
				6E10FB72C0F748C48AFF7DDC /* HelveticaNeue-Regular.otf in Resources */,
				07CE93EE221BD9AA00EF98C3 /* HelveticaNeueLTStd-Lt.otf in Resources */,
				07CE93EA221BD9AA00EF98C3 /* HelveticaNeue-Light.otf in Resources */,
				07CE93ED221BD9AA00EF98C3 /* HelveticaNeue-Regular.otf in Resources */,
				11EAD76E15914F0D81D8F739 /* HelveticaNeue-Regular.ttf in Resources */,
				C51BD6443BC24E5BA9E64ADA /* HelveticaNeue-Roman.otf in Resources */,
				075A32442220F56A00D2D8A0 /* LaunchScreen.xib in Resources */,
				3772FF0876F14D64ABEF4BF2 /* HelveticaNeue-Thin.otf in Resources */,
				D1A0AB89AB1C4C98B4F946ED /* HelveticaNeue.ttf in Resources */,
				08406C3E72D4448C86A17664 /* HelveticaNeueLT-UltraLigExtObl.otf in Resources */,
				F47B27542E9D4B928E989967 /* HelveticaNeueLTStd-Lt.otf in Resources */,
				07CE93EB221BD9AA00EF98C3 /* HelveticaNeue-Thin.otf in Resources */,
				07CE93D8221BD9A900EF98C3 /* Helvetica.otf in Resources */,
				07CE93E9221BD9AA00EF98C3 /* HelveticaNeue-Regular.ttf in Resources */,
				07CE93E3221BD9A900EF98C3 /* HelveticaNeue.ttf in Resources */,
				58A94EDE968947709E2B177D /* Roboto_medium.ttf in Resources */,
				A8E31CB5898B421B8959029D /* Roboto.ttf in Resources */,
				07CE93E6221BD9AA00EF98C3 /* HelveticaNeue-Bold.otf in Resources */,
				071F9079221EE4F800B96431 /* Default-568h@2x.png in Resources */,
				560FC016BFF441C8B7F1EC19 /* rubicon-icon-font.ttf in Resources */,
				07CE93DD221BD9A900EF98C3 /* HelveticaNeue-Medium.otf in Resources */,
				07CE93E7221BD9AA00EF98C3 /* HelveticaNeueLT-UltraLigExtObl.otf in Resources */,
			);
			runOnlyForDeploymentPostprocessing = 0;
		};
		2D02E4791E0B4A5D006451C7 /* Resources */ = {
			isa = PBXResourcesBuildPhase;
			buildActionMask = 2147483647;
			files = (
				2D02E4BD1E0B4A84006451C7 /* Images.xcassets in Resources */,
			);
			runOnlyForDeploymentPostprocessing = 0;
		};
		2D02E48E1E0B4A5D006451C7 /* Resources */ = {
			isa = PBXResourcesBuildPhase;
			buildActionMask = 2147483647;
			files = (
			);
			runOnlyForDeploymentPostprocessing = 0;
		};
/* End PBXResourcesBuildPhase section */

/* Begin PBXShellScriptBuildPhase section */
		00DD1BFF1BD5951E006B06BC /* Bundle React Native code and images */ = {
			isa = PBXShellScriptBuildPhase;
			buildActionMask = 2147483647;
			files = (
			);
			inputPaths = (
			);
			name = "Bundle React Native code and images";
			outputPaths = (
			);
			runOnlyForDeploymentPostprocessing = 0;
			shellPath = /bin/sh;
			shellScript = "export NODE_BINARY=node\n../node_modules/react-native/scripts/react-native-xcode.sh\n";
		};
		057BCDBDBE4AFBA011C9E66F /* [CP] Check Pods Manifest.lock */ = {
			isa = PBXShellScriptBuildPhase;
			buildActionMask = 2147483647;
			files = (
			);
			inputFileListPaths = (
			);
			inputPaths = (
				"${PODS_PODFILE_DIR_PATH}/Podfile.lock",
				"${PODS_ROOT}/Manifest.lock",
			);
			name = "[CP] Check Pods Manifest.lock";
			outputFileListPaths = (
			);
			outputPaths = (
				"$(DERIVED_FILE_DIR)/Pods-MednefitsMobile-tvOS-checkManifestLockResult.txt",
			);
			runOnlyForDeploymentPostprocessing = 0;
			shellPath = /bin/sh;
			shellScript = "diff \"${PODS_PODFILE_DIR_PATH}/Podfile.lock\" \"${PODS_ROOT}/Manifest.lock\" > /dev/null\nif [ $? != 0 ] ; then\n    # print error to STDERR\n    echo \"error: The sandbox is not in sync with the Podfile.lock. Run 'pod install' or update your CocoaPods installation.\" >&2\n    exit 1\nfi\n# This output is used by Xcode 'outputs' to avoid re-running this script phase.\necho \"SUCCESS\" > \"${SCRIPT_OUTPUT_FILE_0}\"\n";
			showEnvVarsInLog = 0;
		};
		2819932FD2674951D32098CF /* [CP] Check Pods Manifest.lock */ = {
			isa = PBXShellScriptBuildPhase;
			buildActionMask = 2147483647;
			files = (
			);
			inputFileListPaths = (
			);
			inputPaths = (
				"${PODS_PODFILE_DIR_PATH}/Podfile.lock",
				"${PODS_ROOT}/Manifest.lock",
			);
			name = "[CP] Check Pods Manifest.lock";
			outputFileListPaths = (
			);
			outputPaths = (
				"$(DERIVED_FILE_DIR)/Pods-MednefitsMobileTests-checkManifestLockResult.txt",
			);
			runOnlyForDeploymentPostprocessing = 0;
			shellPath = /bin/sh;
			shellScript = "diff \"${PODS_PODFILE_DIR_PATH}/Podfile.lock\" \"${PODS_ROOT}/Manifest.lock\" > /dev/null\nif [ $? != 0 ] ; then\n    # print error to STDERR\n    echo \"error: The sandbox is not in sync with the Podfile.lock. Run 'pod install' or update your CocoaPods installation.\" >&2\n    exit 1\nfi\n# This output is used by Xcode 'outputs' to avoid re-running this script phase.\necho \"SUCCESS\" > \"${SCRIPT_OUTPUT_FILE_0}\"\n";
			showEnvVarsInLog = 0;
		};
		2D02E4CB1E0B4B27006451C7 /* Bundle React Native Code And Images */ = {
			isa = PBXShellScriptBuildPhase;
			buildActionMask = 2147483647;
			files = (
			);
			inputPaths = (
			);
			name = "Bundle React Native Code And Images";
			outputPaths = (
			);
			runOnlyForDeploymentPostprocessing = 0;
			shellPath = /bin/sh;
			shellScript = "export NODE_BINARY=node\n../node_modules/react-native/scripts/react-native-xcode.sh";
		};
		BAC703464A254C116FE46535 /* [CP] Check Pods Manifest.lock */ = {
			isa = PBXShellScriptBuildPhase;
			buildActionMask = 2147483647;
			files = (
			);
			inputFileListPaths = (
			);
			inputPaths = (
				"${PODS_PODFILE_DIR_PATH}/Podfile.lock",
				"${PODS_ROOT}/Manifest.lock",
			);
			name = "[CP] Check Pods Manifest.lock";
			outputFileListPaths = (
			);
			outputPaths = (
				"$(DERIVED_FILE_DIR)/Pods-MednefitsMobile-tvOSTests-checkManifestLockResult.txt",
			);
			runOnlyForDeploymentPostprocessing = 0;
			shellPath = /bin/sh;
			shellScript = "diff \"${PODS_PODFILE_DIR_PATH}/Podfile.lock\" \"${PODS_ROOT}/Manifest.lock\" > /dev/null\nif [ $? != 0 ] ; then\n    # print error to STDERR\n    echo \"error: The sandbox is not in sync with the Podfile.lock. Run 'pod install' or update your CocoaPods installation.\" >&2\n    exit 1\nfi\n# This output is used by Xcode 'outputs' to avoid re-running this script phase.\necho \"SUCCESS\" > \"${SCRIPT_OUTPUT_FILE_0}\"\n";
			showEnvVarsInLog = 0;
		};
		F73E1A3EB9D76B41D49C3467 /* [CP] Copy Pods Resources */ = {
			isa = PBXShellScriptBuildPhase;
			buildActionMask = 2147483647;
			files = (
			);
			inputPaths = (
				"${PODS_ROOT}/Target Support Files/Pods-MednefitsMobile/Pods-MednefitsMobile-resources.sh",
				"${PODS_ROOT}/GoogleMaps/Maps/Frameworks/GoogleMaps.framework/Resources/GoogleMaps.bundle",
				"${PODS_ROOT}/../../node_modules/react-native-vector-icons/Fonts/AntDesign.ttf",
				"${PODS_ROOT}/../../node_modules/react-native-vector-icons/Fonts/Entypo.ttf",
				"${PODS_ROOT}/../../node_modules/react-native-vector-icons/Fonts/EvilIcons.ttf",
				"${PODS_ROOT}/../../node_modules/react-native-vector-icons/Fonts/Feather.ttf",
				"${PODS_ROOT}/../../node_modules/react-native-vector-icons/Fonts/FontAwesome.ttf",
				"${PODS_ROOT}/../../node_modules/react-native-vector-icons/Fonts/FontAwesome5_Brands.ttf",
				"${PODS_ROOT}/../../node_modules/react-native-vector-icons/Fonts/FontAwesome5_Regular.ttf",
				"${PODS_ROOT}/../../node_modules/react-native-vector-icons/Fonts/FontAwesome5_Solid.ttf",
				"${PODS_ROOT}/../../node_modules/react-native-vector-icons/Fonts/Fontisto.ttf",
				"${PODS_ROOT}/../../node_modules/react-native-vector-icons/Fonts/Foundation.ttf",
				"${PODS_ROOT}/../../node_modules/react-native-vector-icons/Fonts/Ionicons.ttf",
				"${PODS_ROOT}/../../node_modules/react-native-vector-icons/Fonts/MaterialCommunityIcons.ttf",
				"${PODS_ROOT}/../../node_modules/react-native-vector-icons/Fonts/MaterialIcons.ttf",
				"${PODS_ROOT}/../../node_modules/react-native-vector-icons/Fonts/Octicons.ttf",
				"${PODS_ROOT}/../../node_modules/react-native-vector-icons/Fonts/SimpleLineIcons.ttf",
				"${PODS_ROOT}/../../node_modules/react-native-vector-icons/Fonts/Zocial.ttf",
			);
			name = "[CP] Copy Pods Resources";
			outputPaths = (
				"${TARGET_BUILD_DIR}/${UNLOCALIZED_RESOURCES_FOLDER_PATH}/GoogleMaps.bundle",
				"${TARGET_BUILD_DIR}/${UNLOCALIZED_RESOURCES_FOLDER_PATH}/AntDesign.ttf",
				"${TARGET_BUILD_DIR}/${UNLOCALIZED_RESOURCES_FOLDER_PATH}/Entypo.ttf",
				"${TARGET_BUILD_DIR}/${UNLOCALIZED_RESOURCES_FOLDER_PATH}/EvilIcons.ttf",
				"${TARGET_BUILD_DIR}/${UNLOCALIZED_RESOURCES_FOLDER_PATH}/Feather.ttf",
				"${TARGET_BUILD_DIR}/${UNLOCALIZED_RESOURCES_FOLDER_PATH}/FontAwesome.ttf",
				"${TARGET_BUILD_DIR}/${UNLOCALIZED_RESOURCES_FOLDER_PATH}/FontAwesome5_Brands.ttf",
				"${TARGET_BUILD_DIR}/${UNLOCALIZED_RESOURCES_FOLDER_PATH}/FontAwesome5_Regular.ttf",
				"${TARGET_BUILD_DIR}/${UNLOCALIZED_RESOURCES_FOLDER_PATH}/FontAwesome5_Solid.ttf",
				"${TARGET_BUILD_DIR}/${UNLOCALIZED_RESOURCES_FOLDER_PATH}/Fontisto.ttf",
				"${TARGET_BUILD_DIR}/${UNLOCALIZED_RESOURCES_FOLDER_PATH}/Foundation.ttf",
				"${TARGET_BUILD_DIR}/${UNLOCALIZED_RESOURCES_FOLDER_PATH}/Ionicons.ttf",
				"${TARGET_BUILD_DIR}/${UNLOCALIZED_RESOURCES_FOLDER_PATH}/MaterialCommunityIcons.ttf",
				"${TARGET_BUILD_DIR}/${UNLOCALIZED_RESOURCES_FOLDER_PATH}/MaterialIcons.ttf",
				"${TARGET_BUILD_DIR}/${UNLOCALIZED_RESOURCES_FOLDER_PATH}/Octicons.ttf",
				"${TARGET_BUILD_DIR}/${UNLOCALIZED_RESOURCES_FOLDER_PATH}/SimpleLineIcons.ttf",
				"${TARGET_BUILD_DIR}/${UNLOCALIZED_RESOURCES_FOLDER_PATH}/Zocial.ttf",
			);
			runOnlyForDeploymentPostprocessing = 0;
			shellPath = /bin/sh;
			shellScript = "\"${PODS_ROOT}/Target Support Files/Pods-MednefitsMobile/Pods-MednefitsMobile-resources.sh\"\n";
			showEnvVarsInLog = 0;
		};
		FA2C7AFBE81819B0DED2F55E /* [CP] Check Pods Manifest.lock */ = {
			isa = PBXShellScriptBuildPhase;
			buildActionMask = 2147483647;
			files = (
			);
			inputFileListPaths = (
			);
			inputPaths = (
				"${PODS_PODFILE_DIR_PATH}/Podfile.lock",
				"${PODS_ROOT}/Manifest.lock",
			);
			name = "[CP] Check Pods Manifest.lock";
			outputFileListPaths = (
			);
			outputPaths = (
				"$(DERIVED_FILE_DIR)/Pods-MednefitsMobile-checkManifestLockResult.txt",
			);
			runOnlyForDeploymentPostprocessing = 0;
			shellPath = /bin/sh;
			shellScript = "diff \"${PODS_PODFILE_DIR_PATH}/Podfile.lock\" \"${PODS_ROOT}/Manifest.lock\" > /dev/null\nif [ $? != 0 ] ; then\n    # print error to STDERR\n    echo \"error: The sandbox is not in sync with the Podfile.lock. Run 'pod install' or update your CocoaPods installation.\" >&2\n    exit 1\nfi\n# This output is used by Xcode 'outputs' to avoid re-running this script phase.\necho \"SUCCESS\" > \"${SCRIPT_OUTPUT_FILE_0}\"\n";
			showEnvVarsInLog = 0;
		};
/* End PBXShellScriptBuildPhase section */

/* Begin PBXSourcesBuildPhase section */
		00E356EA1AD99517003FC87E /* Sources */ = {
			isa = PBXSourcesBuildPhase;
			buildActionMask = 2147483647;
			files = (
				00E356F31AD99517003FC87E /* MednefitsMobileTests.m in Sources */,
			);
			runOnlyForDeploymentPostprocessing = 0;
		};
		13B07F871A680F5B00A75B9A /* Sources */ = {
			isa = PBXSourcesBuildPhase;
			buildActionMask = 2147483647;
			files = (
				13B07FBC1A68108700A75B9A /* AppDelegate.m in Sources */,
				13B07FC11A68108700A75B9A /* main.m in Sources */,
			);
			runOnlyForDeploymentPostprocessing = 0;
		};
		2D02E4771E0B4A5D006451C7 /* Sources */ = {
			isa = PBXSourcesBuildPhase;
			buildActionMask = 2147483647;
			files = (
				2D02E4BF1E0B4AB3006451C7 /* main.m in Sources */,
				2D02E4BC1E0B4A80006451C7 /* AppDelegate.m in Sources */,
			);
			runOnlyForDeploymentPostprocessing = 0;
		};
		2D02E48C1E0B4A5D006451C7 /* Sources */ = {
			isa = PBXSourcesBuildPhase;
			buildActionMask = 2147483647;
			files = (
				2DCD954D1E0B4F2C00145EB5 /* MednefitsMobileTests.m in Sources */,
			);
			runOnlyForDeploymentPostprocessing = 0;
		};
/* End PBXSourcesBuildPhase section */

/* Begin PBXTargetDependency section */
		00E356F51AD99517003FC87E /* PBXTargetDependency */ = {
			isa = PBXTargetDependency;
			target = 13B07F861A680F5B00A75B9A /* MednefitsMobile */;
			targetProxy = 00E356F41AD99517003FC87E /* PBXContainerItemProxy */;
		};
		2D02E4921E0B4A5D006451C7 /* PBXTargetDependency */ = {
			isa = PBXTargetDependency;
			target = 2D02E47A1E0B4A5D006451C7 /* MednefitsMobile-tvOS */;
			targetProxy = 2D02E4911E0B4A5D006451C7 /* PBXContainerItemProxy */;
		};
/* End PBXTargetDependency section */

/* Begin PBXVariantGroup section */
		075A32422220F56A00D2D8A0 /* LaunchScreen.xib */ = {
			isa = PBXVariantGroup;
			children = (
				075A32432220F56A00D2D8A0 /* Base */,
			);
			name = LaunchScreen.xib;
			sourceTree = "<group>";
		};
/* End PBXVariantGroup section */

/* Begin XCBuildConfiguration section */
		00E356F61AD99517003FC87E /* Debug */ = {
			isa = XCBuildConfiguration;
			baseConfigurationReference = 5AEB01EC8CF58847C0865478 /* Pods-MednefitsMobileTests.debug.xcconfig */;
			buildSettings = {
				BUNDLE_LOADER = "$(TEST_HOST)";
				GCC_PREPROCESSOR_DEFINITIONS = (
					"DEBUG=1",
					"$(inherited)",
				);
				HEADER_SEARCH_PATHS = (
					"$(inherited)",
					"$(SRCROOT)..\node_modules\neact-native-vector-iconsRNVectorIconsManager",
					"$(SRCROOT)/../node_modules/react-native-fs/**",
					"$(SRCROOT)/../node_modules/react-native-simple-toast/ios/LRDRCTSimpleToast",
				);
				INFOPLIST_FILE = MednefitsMobileTests/Info.plist;
				IPHONEOS_DEPLOYMENT_TARGET = 9.0;
				LD_RUNPATH_SEARCH_PATHS = "$(inherited) @executable_path/Frameworks @loader_path/Frameworks";
				LIBRARY_SEARCH_PATHS = "$(inherited)";
				OTHER_LDFLAGS = (
					"-ObjC",
					"-lc++",
				);
				PRODUCT_NAME = "$(TARGET_NAME)";
				TEST_HOST = "$(BUILT_PRODUCTS_DIR)/MednefitsMobile.app/MednefitsMobile";
			};
			name = Debug;
		};
		00E356F71AD99517003FC87E /* Release */ = {
			isa = XCBuildConfiguration;
			baseConfigurationReference = 600CCB0A55422D05348B2363 /* Pods-MednefitsMobileTests.release.xcconfig */;
			buildSettings = {
				BUNDLE_LOADER = "$(TEST_HOST)";
				COPY_PHASE_STRIP = NO;
				HEADER_SEARCH_PATHS = (
					"$(inherited)",
					"$(SRCROOT)..\node_modules\neact-native-vector-iconsRNVectorIconsManager",
					"$(SRCROOT)/../node_modules/react-native-fs/**",
					"$(SRCROOT)/../node_modules/react-native-simple-toast/ios/LRDRCTSimpleToast",
				);
				INFOPLIST_FILE = MednefitsMobileTests/Info.plist;
				IPHONEOS_DEPLOYMENT_TARGET = 9.0;
				LD_RUNPATH_SEARCH_PATHS = "$(inherited) @executable_path/Frameworks @loader_path/Frameworks";
				LIBRARY_SEARCH_PATHS = "$(inherited)";
				OTHER_LDFLAGS = (
					"-ObjC",
					"-lc++",
				);
				PRODUCT_NAME = "$(TARGET_NAME)";
				TEST_HOST = "$(BUILT_PRODUCTS_DIR)/MednefitsMobile.app/MednefitsMobile";
			};
			name = Release;
		};
		13B07F941A680F5B00A75B9A /* Debug */ = {
			isa = XCBuildConfiguration;
			baseConfigurationReference = 6E6B7A2A7A87EFDE499314E1 /* Pods-MednefitsMobile.debug.xcconfig */;
			buildSettings = {
				ASSETCATALOG_COMPILER_APPICON_NAME = AppIcon;
				CODE_SIGN_ENTITLEMENTS = MednefitsMobile/MednefitsMobile.entitlements;
				CODE_SIGN_IDENTITY = "iPhone Developer";
				CODE_SIGN_STYLE = Automatic;
				CURRENT_PROJECT_VERSION = 17;
				DEAD_CODE_STRIPPING = NO;
				DEVELOPMENT_TEAM = BB42S6H242;
				HEADER_SEARCH_PATHS = (
					"$(inherited)",
					"$(SRCROOT)..",
					ode_modules,
					"eact-native-vector-iconsRNVectorIconsManager",
					"$(SRCROOT)/../node_modules/react-native-fs/**",
					"$(SRCROOT)/../node_modules/react-native-simple-toast/ios/LRDRCTSimpleToast",
					"$(SRCROOT)/../node_modules/react-native-maps/lib/ios/AirMaps/**",
					"$(SRCROOT)/../node_modules/react-native-onesignal/ios/**",
				);
				INFOPLIST_FILE = MednefitsMobile/Info.plist;
				LD_RUNPATH_SEARCH_PATHS = "$(inherited) @executable_path/Frameworks";
				MARKETING_VERSION = 2.0.14;
				OTHER_LDFLAGS = (
					"$(inherited)",
					"-ObjC",
					"-lc++",
				);
				PRODUCT_BUNDLE_IDENTIFIER = sg.medicloud.user;
				PRODUCT_NAME = MednefitsMobile;
				PROVISIONING_PROFILE_SPECIFIER = "";
				VERSIONING_SYSTEM = "apple-generic";
			};
			name = Debug;
		};
		13B07F951A680F5B00A75B9A /* Release */ = {
			isa = XCBuildConfiguration;
			baseConfigurationReference = 6F15599AC3E6CF25B32A1B3F /* Pods-MednefitsMobile.release.xcconfig */;
			buildSettings = {
				ASSETCATALOG_COMPILER_APPICON_NAME = AppIcon;
				CODE_SIGN_ENTITLEMENTS = MednefitsMobile/MednefitsMobile.entitlements;
				CODE_SIGN_IDENTITY = "iPhone Developer";
				CODE_SIGN_STYLE = Automatic;
				CURRENT_PROJECT_VERSION = 17;
				DEVELOPMENT_TEAM = BB42S6H242;
				HEADER_SEARCH_PATHS = (
					"$(inherited)",
					"$(SRCROOT)..",
					ode_modules,
					"eact-native-vector-iconsRNVectorIconsManager",
					"$(SRCROOT)/../node_modules/react-native-fs/**",
					"$(SRCROOT)/../node_modules/react-native-simple-toast/ios/LRDRCTSimpleToast",
					"$(SRCROOT)/../node_modules/react-native-maps/lib/ios/AirMaps/**",
					"$(SRCROOT)/../node_modules/react-native-onesignal/ios/**",
				);
				INFOPLIST_FILE = MednefitsMobile/Info.plist;
				LD_RUNPATH_SEARCH_PATHS = "$(inherited) @executable_path/Frameworks";
				MARKETING_VERSION = 2.0.14;
				OTHER_LDFLAGS = (
					"$(inherited)",
					"-ObjC",
					"-lc++",
				);
				PRODUCT_BUNDLE_IDENTIFIER = sg.medicloud.user;
				PRODUCT_NAME = MednefitsMobile;
				PROVISIONING_PROFILE_SPECIFIER = "";
				VERSIONING_SYSTEM = "apple-generic";
			};
			name = Release;
		};
		2D02E4971E0B4A5E006451C7 /* Debug */ = {
			isa = XCBuildConfiguration;
			baseConfigurationReference = 20392E7A9B03CC03D2430FD7 /* Pods-MednefitsMobile-tvOS.debug.xcconfig */;
			buildSettings = {
				ASSETCATALOG_COMPILER_APPICON_NAME = "App Icon & Top Shelf Image";
				ASSETCATALOG_COMPILER_LAUNCHIMAGE_NAME = LaunchImage;
				CLANG_ANALYZER_NONNULL = YES;
				CLANG_WARN_DOCUMENTATION_COMMENTS = YES;
				CLANG_WARN_INFINITE_RECURSION = YES;
				CLANG_WARN_SUSPICIOUS_MOVE = YES;
				DEBUG_INFORMATION_FORMAT = dwarf;
				ENABLE_TESTABILITY = YES;
				GCC_NO_COMMON_BLOCKS = YES;
				HEADER_SEARCH_PATHS = (
					"$(inherited)",
					"$(SRCROOT)..\node_modules\neact-native-vector-iconsRNVectorIconsManager",
					"$(SRCROOT)/../node_modules/react-native-fs/**",
					"$(SRCROOT)/../node_modules/react-native-simple-toast/ios/LRDRCTSimpleToast",
				);
				INFOPLIST_FILE = "MednefitsMobile-tvOS/Info.plist";
				LD_RUNPATH_SEARCH_PATHS = "$(inherited) @executable_path/Frameworks";
				LIBRARY_SEARCH_PATHS = "$(inherited)";
				OTHER_LDFLAGS = (
					"-ObjC",
					"-lc++",
				);
				PRODUCT_BUNDLE_IDENTIFIER = "com.facebook.REACT.MednefitsMobile-tvOS";
				PRODUCT_NAME = "$(TARGET_NAME)";
				SDKROOT = appletvos;
				TARGETED_DEVICE_FAMILY = 3;
				TVOS_DEPLOYMENT_TARGET = 9.2;
			};
			name = Debug;
		};
		2D02E4981E0B4A5E006451C7 /* Release */ = {
			isa = XCBuildConfiguration;
			baseConfigurationReference = A37F206E31368A5E6339FD1F /* Pods-MednefitsMobile-tvOS.release.xcconfig */;
			buildSettings = {
				ASSETCATALOG_COMPILER_APPICON_NAME = "App Icon & Top Shelf Image";
				ASSETCATALOG_COMPILER_LAUNCHIMAGE_NAME = LaunchImage;
				CLANG_ANALYZER_NONNULL = YES;
				CLANG_WARN_DOCUMENTATION_COMMENTS = YES;
				CLANG_WARN_INFINITE_RECURSION = YES;
				CLANG_WARN_SUSPICIOUS_MOVE = YES;
				COPY_PHASE_STRIP = NO;
				DEBUG_INFORMATION_FORMAT = "dwarf-with-dsym";
				GCC_NO_COMMON_BLOCKS = YES;
				HEADER_SEARCH_PATHS = (
					"$(inherited)",
					"$(SRCROOT)..\node_modules\neact-native-vector-iconsRNVectorIconsManager",
					"$(SRCROOT)/../node_modules/react-native-fs/**",
					"$(SRCROOT)/../node_modules/react-native-simple-toast/ios/LRDRCTSimpleToast",
				);
				INFOPLIST_FILE = "MednefitsMobile-tvOS/Info.plist";
				LD_RUNPATH_SEARCH_PATHS = "$(inherited) @executable_path/Frameworks";
				LIBRARY_SEARCH_PATHS = "$(inherited)";
				OTHER_LDFLAGS = (
					"-ObjC",
					"-lc++",
				);
				PRODUCT_BUNDLE_IDENTIFIER = "com.facebook.REACT.MednefitsMobile-tvOS";
				PRODUCT_NAME = "$(TARGET_NAME)";
				SDKROOT = appletvos;
				TARGETED_DEVICE_FAMILY = 3;
				TVOS_DEPLOYMENT_TARGET = 9.2;
			};
			name = Release;
		};
		2D02E4991E0B4A5E006451C7 /* Debug */ = {
			isa = XCBuildConfiguration;
			baseConfigurationReference = B286026A31F106AE7E342251 /* Pods-MednefitsMobile-tvOSTests.debug.xcconfig */;
			buildSettings = {
				BUNDLE_LOADER = "$(TEST_HOST)";
				CLANG_ANALYZER_NONNULL = YES;
				CLANG_WARN_DOCUMENTATION_COMMENTS = YES;
				CLANG_WARN_INFINITE_RECURSION = YES;
				CLANG_WARN_SUSPICIOUS_MOVE = YES;
				DEBUG_INFORMATION_FORMAT = dwarf;
				ENABLE_TESTABILITY = YES;
				GCC_NO_COMMON_BLOCKS = YES;
				HEADER_SEARCH_PATHS = (
					"$(inherited)",
					"$(SRCROOT)..\node_modules\neact-native-vector-iconsRNVectorIconsManager",
					"$(SRCROOT)/../node_modules/react-native-fs/**",
					"$(SRCROOT)/../node_modules/react-native-simple-toast/ios/LRDRCTSimpleToast",
				);
				INFOPLIST_FILE = "MednefitsMobile-tvOSTests/Info.plist";
				LD_RUNPATH_SEARCH_PATHS = "$(inherited) @executable_path/Frameworks @loader_path/Frameworks";
				LIBRARY_SEARCH_PATHS = "$(inherited)";
				OTHER_LDFLAGS = (
					"-ObjC",
					"-lc++",
				);
				PRODUCT_BUNDLE_IDENTIFIER = "com.facebook.REACT.MednefitsMobile-tvOSTests";
				PRODUCT_NAME = "$(TARGET_NAME)";
				SDKROOT = appletvos;
				TEST_HOST = "$(BUILT_PRODUCTS_DIR)/MednefitsMobile-tvOS.app/MednefitsMobile-tvOS";
				TVOS_DEPLOYMENT_TARGET = 10.1;
			};
			name = Debug;
		};
		2D02E49A1E0B4A5E006451C7 /* Release */ = {
			isa = XCBuildConfiguration;
			baseConfigurationReference = BE2BAC3AD85D9FCD6FC5EC9C /* Pods-MednefitsMobile-tvOSTests.release.xcconfig */;
			buildSettings = {
				BUNDLE_LOADER = "$(TEST_HOST)";
				CLANG_ANALYZER_NONNULL = YES;
				CLANG_WARN_DOCUMENTATION_COMMENTS = YES;
				CLANG_WARN_INFINITE_RECURSION = YES;
				CLANG_WARN_SUSPICIOUS_MOVE = YES;
				COPY_PHASE_STRIP = NO;
				DEBUG_INFORMATION_FORMAT = "dwarf-with-dsym";
				GCC_NO_COMMON_BLOCKS = YES;
				HEADER_SEARCH_PATHS = (
					"$(inherited)",
					"$(SRCROOT)..\node_modules\neact-native-vector-iconsRNVectorIconsManager",
					"$(SRCROOT)/../node_modules/react-native-fs/**",
					"$(SRCROOT)/../node_modules/react-native-simple-toast/ios/LRDRCTSimpleToast",
				);
				INFOPLIST_FILE = "MednefitsMobile-tvOSTests/Info.plist";
				LD_RUNPATH_SEARCH_PATHS = "$(inherited) @executable_path/Frameworks @loader_path/Frameworks";
				LIBRARY_SEARCH_PATHS = "$(inherited)";
				OTHER_LDFLAGS = (
					"-ObjC",
					"-lc++",
				);
				PRODUCT_BUNDLE_IDENTIFIER = "com.facebook.REACT.MednefitsMobile-tvOSTests";
				PRODUCT_NAME = "$(TARGET_NAME)";
				SDKROOT = appletvos;
				TEST_HOST = "$(BUILT_PRODUCTS_DIR)/MednefitsMobile-tvOS.app/MednefitsMobile-tvOS";
				TVOS_DEPLOYMENT_TARGET = 10.1;
			};
			name = Release;
		};
		83CBBA201A601CBA00E9B192 /* Debug */ = {
			isa = XCBuildConfiguration;
			buildSettings = {
				ALWAYS_SEARCH_USER_PATHS = NO;
				CLANG_CXX_LANGUAGE_STANDARD = "gnu++0x";
				CLANG_CXX_LIBRARY = "libc++";
				CLANG_ENABLE_MODULES = YES;
				CLANG_ENABLE_OBJC_ARC = YES;
				CLANG_WARN_BOOL_CONVERSION = YES;
				CLANG_WARN_CONSTANT_CONVERSION = YES;
				CLANG_WARN_DIRECT_OBJC_ISA_USAGE = YES_ERROR;
				CLANG_WARN_EMPTY_BODY = YES;
				CLANG_WARN_ENUM_CONVERSION = YES;
				CLANG_WARN_INT_CONVERSION = YES;
				CLANG_WARN_OBJC_ROOT_CLASS = YES_ERROR;
				CLANG_WARN_UNREACHABLE_CODE = YES;
				CLANG_WARN__DUPLICATE_METHOD_MATCH = YES;
				"CODE_SIGN_IDENTITY[sdk=iphoneos*]" = "iPhone Developer";
				COPY_PHASE_STRIP = NO;
				DEVELOPMENT_TEAM = BB42S6H242;
				ENABLE_STRICT_OBJC_MSGSEND = YES;
				GCC_C_LANGUAGE_STANDARD = gnu99;
				GCC_DYNAMIC_NO_PIC = NO;
				GCC_OPTIMIZATION_LEVEL = 0;
				GCC_PREPROCESSOR_DEFINITIONS = (
					"DEBUG=1",
					"$(inherited)",
				);
				GCC_SYMBOLS_PRIVATE_EXTERN = NO;
				GCC_WARN_64_TO_32_BIT_CONVERSION = YES;
				GCC_WARN_ABOUT_RETURN_TYPE = YES_ERROR;
				GCC_WARN_UNDECLARED_SELECTOR = YES;
				GCC_WARN_UNINITIALIZED_AUTOS = YES_AGGRESSIVE;
				GCC_WARN_UNUSED_FUNCTION = YES;
				GCC_WARN_UNUSED_VARIABLE = YES;
				IPHONEOS_DEPLOYMENT_TARGET = 9.0;
				MTL_ENABLE_DEBUG_INFO = YES;
				ONLY_ACTIVE_ARCH = YES;
				SDKROOT = iphoneos;
			};
			name = Debug;
		};
		83CBBA211A601CBA00E9B192 /* Release */ = {
			isa = XCBuildConfiguration;
			buildSettings = {
				ALWAYS_SEARCH_USER_PATHS = NO;
				CLANG_CXX_LANGUAGE_STANDARD = "gnu++0x";
				CLANG_CXX_LIBRARY = "libc++";
				CLANG_ENABLE_MODULES = YES;
				CLANG_ENABLE_OBJC_ARC = YES;
				CLANG_WARN_BOOL_CONVERSION = YES;
				CLANG_WARN_CONSTANT_CONVERSION = YES;
				CLANG_WARN_DIRECT_OBJC_ISA_USAGE = YES_ERROR;
				CLANG_WARN_EMPTY_BODY = YES;
				CLANG_WARN_ENUM_CONVERSION = YES;
				CLANG_WARN_INT_CONVERSION = YES;
				CLANG_WARN_OBJC_ROOT_CLASS = YES_ERROR;
				CLANG_WARN_UNREACHABLE_CODE = YES;
				CLANG_WARN__DUPLICATE_METHOD_MATCH = YES;
				"CODE_SIGN_IDENTITY[sdk=iphoneos*]" = "iPhone Developer";
				COPY_PHASE_STRIP = YES;
				DEVELOPMENT_TEAM = BB42S6H242;
				ENABLE_NS_ASSERTIONS = NO;
				ENABLE_STRICT_OBJC_MSGSEND = YES;
				GCC_C_LANGUAGE_STANDARD = gnu99;
				GCC_WARN_64_TO_32_BIT_CONVERSION = YES;
				GCC_WARN_ABOUT_RETURN_TYPE = YES_ERROR;
				GCC_WARN_UNDECLARED_SELECTOR = YES;
				GCC_WARN_UNINITIALIZED_AUTOS = YES_AGGRESSIVE;
				GCC_WARN_UNUSED_FUNCTION = YES;
				GCC_WARN_UNUSED_VARIABLE = YES;
				IPHONEOS_DEPLOYMENT_TARGET = 9.0;
				MTL_ENABLE_DEBUG_INFO = NO;
				SDKROOT = iphoneos;
				VALIDATE_PRODUCT = YES;
			};
			name = Release;
		};
/* End XCBuildConfiguration section */

/* Begin XCConfigurationList section */
		00E357021AD99517003FC87E /* Build configuration list for PBXNativeTarget "MednefitsMobileTests" */ = {
			isa = XCConfigurationList;
			buildConfigurations = (
				00E356F61AD99517003FC87E /* Debug */,
				00E356F71AD99517003FC87E /* Release */,
			);
			defaultConfigurationIsVisible = 0;
			defaultConfigurationName = Release;
		};
		13B07F931A680F5B00A75B9A /* Build configuration list for PBXNativeTarget "MednefitsMobile" */ = {
			isa = XCConfigurationList;
			buildConfigurations = (
				13B07F941A680F5B00A75B9A /* Debug */,
				13B07F951A680F5B00A75B9A /* Release */,
			);
			defaultConfigurationIsVisible = 0;
			defaultConfigurationName = Release;
		};
		2D02E4BA1E0B4A5E006451C7 /* Build configuration list for PBXNativeTarget "MednefitsMobile-tvOS" */ = {
			isa = XCConfigurationList;
			buildConfigurations = (
				2D02E4971E0B4A5E006451C7 /* Debug */,
				2D02E4981E0B4A5E006451C7 /* Release */,
			);
			defaultConfigurationIsVisible = 0;
			defaultConfigurationName = Release;
		};
		2D02E4BB1E0B4A5E006451C7 /* Build configuration list for PBXNativeTarget "MednefitsMobile-tvOSTests" */ = {
			isa = XCConfigurationList;
			buildConfigurations = (
				2D02E4991E0B4A5E006451C7 /* Debug */,
				2D02E49A1E0B4A5E006451C7 /* Release */,
			);
			defaultConfigurationIsVisible = 0;
			defaultConfigurationName = Release;
		};
		83CBB9FA1A601CBA00E9B192 /* Build configuration list for PBXProject "MednefitsMobile" */ = {
			isa = XCConfigurationList;
			buildConfigurations = (
				83CBBA201A601CBA00E9B192 /* Debug */,
				83CBBA211A601CBA00E9B192 /* Release */,
			);
			defaultConfigurationIsVisible = 0;
			defaultConfigurationName = Release;
		};
/* End XCConfigurationList section */
	};
	rootObject = 83CBB9F71A601CBA00E9B192 /* Project object */;
}
